
Microsoft Visual Studio Solution File, Format Version 12.00
# Visual Studio 15
VisualStudioVersion = 15.0.28307.779
MinimumVisualStudioVersion = 10.0.40219.1
Project("{FAE04EC0-301F-11D3-BF4B-00C04F79EFBC}") = "LifeStyle", "LifeStyle\LifeStyle.csproj", "{DA127A90-D08C-4030-8BD7-B1C1BEFED262}"
EndProject
Global
	GlobalSection(SolutionConfigurationPlatforms) = preSolution
		Debug|Any CPU = Debug|Any CPU
		Release|Any CPU = Release|Any CPU
	EndGlobalSection
	GlobalSection(ProjectConfigurationPlatforms) = postSolution
		{DA127A90-D08C-4030-8BD7-B1C1BEFED262}.Debug|Any CPU.ActiveCfg = Debug|Any CPU
		{DA127A90-D08C-4030-8BD7-B1C1BEFED262}.Debug|Any CPU.Build.0 = Debug|Any CPU
		{DA127A90-D08C-4030-8BD7-B1C1BEFED262}.Release|Any CPU.ActiveCfg = Release|Any CPU
		{DA127A90-D08C-4030-8BD7-B1C1BEFED262}.Release|Any CPU.Build.0 = Release|Any CPU
	EndGlobalSection
	GlobalSection(SolutionProperties) = preSolution
		HideSolutionNode = FALSE
	EndGlobalSection
	GlobalSection(ExtensibilityGlobals) = postSolution
		SolutionGuid = {414ADDB8-6868-41A1-AF82-BD181411D497}
	EndGlobalSection
EndGlobal
