
Microsoft Visual Studio Solution File, Format Version 12.00
# Visual Studio 15
VisualStudioVersion = 15.0.28307.779
MinimumVisualStudioVersion = 10.0.40219.1
Project("{FAE04EC0-301F-11D3-BF4B-00C04F79EFBC}") = "Cinema.DataAccess.Sql", "Cinema.DataAccess.Sql\Cinema.DataAccess.Sql.csproj", "{8517710A-37D2-44B8-900B-B8B836C0DD86}"
EndProject
Project("{FAE04EC0-301F-11D3-BF4B-00C04F79EFBC}") = "Cinema.Domain", "Cinema.Domain\Cinema.Domain.csproj", "{A7803B50-DE33-444D-B5FC-31C1654B68A2}"
EndProject
Project("{FAE04EC0-301F-11D3-BF4B-00C04F79EFBC}") = "Cinema.UI.ConsoleApp", "Cinema.UI.ConsoleApp\Cinema.UI.ConsoleApp.csproj", "{DC948825-C117-415A-A14F-7A765A9962D9}"
EndProject
Global
	GlobalSection(SolutionConfigurationPlatforms) = preSolution
		Debug|Any CPU = Debug|Any CPU
		Release|Any CPU = Release|Any CPU
	EndGlobalSection
	GlobalSection(ProjectConfigurationPlatforms) = postSolution
		{8517710A-37D2-44B8-900B-B8B836C0DD86}.Debug|Any CPU.ActiveCfg = Debug|Any CPU
		{8517710A-37D2-44B8-900B-B8B836C0DD86}.Debug|Any CPU.Build.0 = Debug|Any CPU
		{8517710A-37D2-44B8-900B-B8B836C0DD86}.Release|Any CPU.ActiveCfg = Release|Any CPU
		{8517710A-37D2-44B8-900B-B8B836C0DD86}.Release|Any CPU.Build.0 = Release|Any CPU
		{A7803B50-DE33-444D-B5FC-31C1654B68A2}.Debug|Any CPU.ActiveCfg = Debug|Any CPU
		{A7803B50-DE33-444D-B5FC-31C1654B68A2}.Debug|Any CPU.Build.0 = Debug|Any CPU
		{A7803B50-DE33-444D-B5FC-31C1654B68A2}.Release|Any CPU.ActiveCfg = Release|Any CPU
		{A7803B50-DE33-444D-B5FC-31C1654B68A2}.Release|Any CPU.Build.0 = Release|Any CPU
		{DC948825-C117-415A-A14F-7A765A9962D9}.Debug|Any CPU.ActiveCfg = Debug|Any CPU
		{DC948825-C117-415A-A14F-7A765A9962D9}.Debug|Any CPU.Build.0 = Debug|Any CPU
		{DC948825-C117-415A-A14F-7A765A9962D9}.Release|Any CPU.ActiveCfg = Release|Any CPU
		{DC948825-C117-415A-A14F-7A765A9962D9}.Release|Any CPU.Build.0 = Release|Any CPU
	EndGlobalSection
	GlobalSection(SolutionProperties) = preSolution
		HideSolutionNode = FALSE
	EndGlobalSection
	GlobalSection(ExtensibilityGlobals) = postSolution
		SolutionGuid = {0A9E03E6-6C36-4D93-888D-68B42A50F097}
	EndGlobalSection
EndGlobal
